
Microsoft Visual Studio Solution File, Format Version 12.00
# Visual Studio 15
VisualStudioVersion = 15.0.28307.902
MinimumVisualStudioVersion = 10.0.40219.1
Project("{FAE04EC0-301F-11D3-BF4B-00C04F79EFBC}") = "webtitle", "webtitle\webtitle.csproj", "{76445917-3FCF-4140-BA7F-22EA3E58404D}"
EndProject
Global
	GlobalSection(SolutionConfigurationPlatforms) = preSolution
		Debug|Any CPU = Debug|Any CPU
		Release|Any CPU = Release|Any CPU
	EndGlobalSection
	GlobalSection(ProjectConfigurationPlatforms) = postSolution
		{76445917-3FCF-4140-BA7F-22EA3E58404D}.Debug|Any CPU.ActiveCfg = Debug|Any CPU
		{76445917-3FCF-4140-BA7F-22EA3E58404D}.Debug|Any CPU.Build.0 = Debug|Any CPU
		{76445917-3FCF-4140-BA7F-22EA3E58404D}.Release|Any CPU.ActiveCfg = Release|Any CPU
		{76445917-3FCF-4140-BA7F-22EA3E58404D}.Release|Any CPU.Build.0 = Release|Any CPU
	EndGlobalSection
	GlobalSection(SolutionProperties) = preSolution
		HideSolutionNode = FALSE
	EndGlobalSection
	GlobalSection(ExtensibilityGlobals) = postSolution
		SolutionGuid = {C92166B6-059B-413C-9F7D-9BECE33CE231}
	EndGlobalSection
EndGlobal
