
Microsoft Visual Studio Solution File, Format Version 12.00
# Visual Studio 15
VisualStudioVersion = 15.0.28307.1062
MinimumVisualStudioVersion = 10.0.40219.1
Project("{FAE04EC0-301F-11D3-BF4B-00C04F79EFBC}") = "timer", "timer\timer.csproj", "{0E8339A6-442F-4E93-89AC-0003F6BF567D}"
EndProject
Global
	GlobalSection(SolutionConfigurationPlatforms) = preSolution
		Debug|Any CPU = Debug|Any CPU
		Release|Any CPU = Release|Any CPU
	EndGlobalSection
	GlobalSection(ProjectConfigurationPlatforms) = postSolution
		{0E8339A6-442F-4E93-89AC-0003F6BF567D}.Debug|Any CPU.ActiveCfg = Debug|Any CPU
		{0E8339A6-442F-4E93-89AC-0003F6BF567D}.Debug|Any CPU.Build.0 = Debug|Any CPU
		{0E8339A6-442F-4E93-89AC-0003F6BF567D}.Release|Any CPU.ActiveCfg = Release|Any CPU
		{0E8339A6-442F-4E93-89AC-0003F6BF567D}.Release|Any CPU.Build.0 = Release|Any CPU
	EndGlobalSection
	GlobalSection(SolutionProperties) = preSolution
		HideSolutionNode = FALSE
	EndGlobalSection
	GlobalSection(ExtensibilityGlobals) = postSolution
		SolutionGuid = {5A181CBC-1E75-43C3-8756-C0548D3B2C41}
	EndGlobalSection
EndGlobal
