
Microsoft Visual Studio Solution File, Format Version 12.00
# Visual Studio 15
VisualStudioVersion = 15.0.28307.902
MinimumVisualStudioVersion = 10.0.40219.1
Project("{FAE04EC0-301F-11D3-BF4B-00C04F79EFBC}") = "trash", "trash\trash.csproj", "{5D18B209-F1ED-4C5A-8D4C-16963F459755}"
EndProject
Global
	GlobalSection(SolutionConfigurationPlatforms) = preSolution
		Debug|Any CPU = Debug|Any CPU
		Release|Any CPU = Release|Any CPU
	EndGlobalSection
	GlobalSection(ProjectConfigurationPlatforms) = postSolution
		{5D18B209-F1ED-4C5A-8D4C-16963F459755}.Debug|Any CPU.ActiveCfg = Debug|Any CPU
		{5D18B209-F1ED-4C5A-8D4C-16963F459755}.Debug|Any CPU.Build.0 = Debug|Any CPU
		{5D18B209-F1ED-4C5A-8D4C-16963F459755}.Release|Any CPU.ActiveCfg = Release|Any CPU
		{5D18B209-F1ED-4C5A-8D4C-16963F459755}.Release|Any CPU.Build.0 = Release|Any CPU
	EndGlobalSection
	GlobalSection(SolutionProperties) = preSolution
		HideSolutionNode = FALSE
	EndGlobalSection
	GlobalSection(ExtensibilityGlobals) = postSolution
		SolutionGuid = {7C3F2822-FE57-4D85-BA93-559CCF9C136B}
	EndGlobalSection
EndGlobal
